
Microsoft Visual Studio Solution File, Format Version 12.00
# Visual Studio 15
VisualStudioVersion = 15.0.27428.2015
MinimumVisualStudioVersion = 10.0.40219.1
Project("{FAE04EC0-301F-11D3-BF4B-00C04F79EFBC}") = "ImageGalleryAndBlog", "ImageGalleryAndBlog\ImageGalleryAndBlog.csproj", "{1742B061-A88C-4BCD-899E-2F72D2D2CAB5}"
EndProject
Project("{FAE04EC0-301F-11D3-BF4B-00C04F79EFBC}") = "ImageGalleryAndBlog.Data", "ImageGalleryAndBlog.Data\ImageGalleryAndBlog.Data.csproj", "{79231094-2D8F-410F-BA13-F8DE8C41F9A9}"
EndProject
Project("{FAE04EC0-301F-11D3-BF4B-00C04F79EFBC}") = "ImageGalleryAndBlog.Services", "ImageGalleryAndBlog.Services\ImageGalleryAndBlog.Services.csproj", "{42DE778C-6BA8-4DA6-A328-B9B522442935}"
EndProject
Global
	GlobalSection(SolutionConfigurationPlatforms) = preSolution
		Debug|Any CPU = Debug|Any CPU
		Release|Any CPU = Release|Any CPU
	EndGlobalSection
	GlobalSection(ProjectConfigurationPlatforms) = postSolution
		{1742B061-A88C-4BCD-899E-2F72D2D2CAB5}.Debug|Any CPU.ActiveCfg = Debug|Any CPU
		{1742B061-A88C-4BCD-899E-2F72D2D2CAB5}.Debug|Any CPU.Build.0 = Debug|Any CPU
		{1742B061-A88C-4BCD-899E-2F72D2D2CAB5}.Release|Any CPU.ActiveCfg = Release|Any CPU
		{1742B061-A88C-4BCD-899E-2F72D2D2CAB5}.Release|Any CPU.Build.0 = Release|Any CPU
		{79231094-2D8F-410F-BA13-F8DE8C41F9A9}.Debug|Any CPU.ActiveCfg = Debug|Any CPU
		{79231094-2D8F-410F-BA13-F8DE8C41F9A9}.Debug|Any CPU.Build.0 = Debug|Any CPU
		{79231094-2D8F-410F-BA13-F8DE8C41F9A9}.Release|Any CPU.ActiveCfg = Release|Any CPU
		{79231094-2D8F-410F-BA13-F8DE8C41F9A9}.Release|Any CPU.Build.0 = Release|Any CPU
		{42DE778C-6BA8-4DA6-A328-B9B522442935}.Debug|Any CPU.ActiveCfg = Debug|Any CPU
		{42DE778C-6BA8-4DA6-A328-B9B522442935}.Debug|Any CPU.Build.0 = Debug|Any CPU
		{42DE778C-6BA8-4DA6-A328-B9B522442935}.Release|Any CPU.ActiveCfg = Release|Any CPU
		{42DE778C-6BA8-4DA6-A328-B9B522442935}.Release|Any CPU.Build.0 = Release|Any CPU
	EndGlobalSection
	GlobalSection(SolutionProperties) = preSolution
		HideSolutionNode = FALSE
	EndGlobalSection
	GlobalSection(ExtensibilityGlobals) = postSolution
		SolutionGuid = {478FF704-DA7D-4DC7-8B39-0EFBAC9CCC92}
	EndGlobalSection
EndGlobal
